<?xml version="1.0" encoding="utf-8"?>
<Project ToolsVersion="4.0" xmlns="http://schemas.microsoft.com/developer/msbuild/2003">
  <ItemGroup>
    <Filter Include="源文件">
      <UniqueIdentifier>{4FC737F1-C7A5-4376-A066-2A32D752A2FF}</UniqueIdentifier>
      <Extensions>cpp;c;cc;cxx;def;odl;idl;hpj;bat;asm;asmx</Extensions>
    </Filter>
    <Filter Include="头文件">
      <UniqueIdentifier>{93995380-89BD-4b04-88EB-625FBE52EBFB}</UniqueIdentifier>
      <Extensions>h;hpp;hxx;hm;inl;inc;xsd</Extensions>
    </Filter>
    <Filter Include="资源文件">
      <UniqueIdentifier>{67DA6AB6-F800-4c08-8B7A-83BB121AAD01}</UniqueIdentifier>
      <Extensions>rc;ico;cur;bmp;dlg;rc2;rct;bin;rgs;gif;jpg;jpeg;jpe;resx;tiff;tif;png;wav;mfcribbon-ms</Extensions>
    </Filter>
    <Filter Include="MapEditor">
      <UniqueIdentifier>{202e9415-5744-4c1d-8e6f-6e949ed16a78}</UniqueIdentifier>
    </Filter>
    <Filter Include="Operation">
      <UniqueIdentifier>{448ee798-0d49-42c6-9943-750f2c56cdce}</UniqueIdentifier>
    </Filter>
    <Filter Include="MapData">
      <UniqueIdentifier>{7eaa5209-420f-4d75-b1b6-93fce7d138a6}</UniqueIdentifier>
    </Filter>
    <Filter Include="Draw">
      <UniqueIdentifier>{e70dac2d-9a4a-48fd-9e59-c7c6eac01a3c}</UniqueIdentifier>
    </Filter>
  </ItemGroup>
  <ItemGroup>
    <Text Include="ReadMe.txt" />
  </ItemGroup>
  <ItemGroup>
    <ClInclude Include="2DMapEditor.h">
      <Filter>头文件</Filter>
    </ClInclude>
    <ClInclude Include="stdafx.h">
      <Filter>头文件</Filter>
    </ClInclude>
    <ClInclude Include="targetver.h">
      <Filter>头文件</Filter>
    </ClInclude>
    <ClInclude Include="MainFrm.h">
      <Filter>头文件</Filter>
    </ClInclude>
    <ClInclude Include="2DMapEditorDoc.h">
      <Filter>头文件</Filter>
    </ClInclude>
    <ClInclude Include="2DMapEditorView.h">
      <Filter>头文件</Filter>
    </ClInclude>
    <ClInclude Include="Resource.h">
      <Filter>头文件</Filter>
    </ClInclude>
    <ClInclude Include="RightMapView.h">
      <Filter>头文件</Filter>
    </ClInclude>
    <ClInclude Include="Splitter.h">
      <Filter>头文件</Filter>
    </ClInclude>
    <ClInclude Include="LeftTreeView.h">
      <Filter>头文件</Filter>
    </ClInclude>
    <ClInclude Include="SingletonHolder.h">
      <Filter>MapEditor</Filter>
    </ClInclude>
    <ClInclude Include="MapEditorController.h">
      <Filter>MapEditor</Filter>
    </ClInclude>
    <ClInclude Include="MapData.h">
      <Filter>MapData</Filter>
    </ClInclude>
    <ClInclude Include="Operation.h">
      <Filter>Operation</Filter>
    </ClInclude>
    <ClInclude Include="NullOperation.h">
      <Filter>Operation</Filter>
    </ClInclude>
    <ClInclude Include="UndoChangeTerrain.h">
      <Filter>Operation</Filter>
    </ClInclude>
    <ClInclude Include="OperationStack.h">
      <Filter>Operation</Filter>
    </ClInclude>
    <ClInclude Include="CMyDirectx.h">
      <Filter>Draw</Filter>
    </ClInclude>
    <ClInclude Include="CMyGame.h">
      <Filter>Draw</Filter>
    </ClInclude>
    <ClInclude Include="header.h">
      <Filter>Draw</Filter>
    </ClInclude>
    <ClInclude Include="MotionScenery.h">
      <Filter>MapData</Filter>
    </ClInclude>
    <ClInclude Include="Scenery.h">
      <Filter>MapData</Filter>
    </ClInclude>
  </ItemGroup>
  <ItemGroup>
    <ClCompile Include="2DMapEditor.cpp">
      <Filter>源文件</Filter>
    </ClCompile>
    <ClCompile Include="stdafx.cpp">
      <Filter>源文件</Filter>
    </ClCompile>
    <ClCompile Include="MainFrm.cpp">
      <Filter>源文件</Filter>
    </ClCompile>
    <ClCompile Include="2DMapEditorDoc.cpp">
      <Filter>源文件</Filter>
    </ClCompile>
    <ClCompile Include="2DMapEditorView.cpp">
      <Filter>源文件</Filter>
    </ClCompile>
    <ClCompile Include="RightMapView.cpp">
      <Filter>源文件</Filter>
    </ClCompile>
    <ClCompile Include="Splitter.cpp">
      <Filter>源文件</Filter>
    </ClCompile>
    <ClCompile Include="LeftTreeView.cpp">
      <Filter>源文件</Filter>
    </ClCompile>
    <ClCompile Include="MapEditorController.cpp">
      <Filter>MapEditor</Filter>
    </ClCompile>
    <ClCompile Include="MapData.cpp">
      <Filter>MapData</Filter>
    </ClCompile>
    <ClCompile Include="Operation.cpp">
      <Filter>Operation</Filter>
    </ClCompile>
    <ClCompile Include="NullOperation.cpp">
      <Filter>Operation</Filter>
    </ClCompile>
    <ClCompile Include="UndoChangeTerrain.cpp">
      <Filter>Operation</Filter>
    </ClCompile>
    <ClCompile Include="OperationStack.cpp">
      <Filter>Operation</Filter>
    </ClCompile>
    <ClCompile Include="CMyDirectx.cpp">
      <Filter>Draw</Filter>
    </ClCompile>
    <ClCompile Include="CMyGame.cpp">
      <Filter>Draw</Filter>
    </ClCompile>
    <ClCompile Include="MotionScenery.cpp">
      <Filter>MapData</Filter>
    </ClCompile>
    <ClCompile Include="Scenery.cpp">
      <Filter>MapData</Filter>
    </ClCompile>
  </ItemGroup>
  <ItemGroup>
    <ResourceCompile Include="2DMapEditor.rc">
      <Filter>资源文件</Filter>
    </ResourceCompile>
  </ItemGroup>
  <ItemGroup>
    <None Include="res\My2DMapEditor.rc2">
      <Filter>资源文件</Filter>
    </None>
    <None Include="ClassDiagram1.cd" />
  </ItemGroup>
  <ItemGroup>
    <Image Include="res\2DMapEditorDoc.ico">
      <Filter>资源文件</Filter>
    </Image>
    <Image Include="res\2DMapEditor.ico">
      <Filter>资源文件</Filter>
    </Image>
    <Image Include="res\Toolbar.bmp">
      <Filter>资源文件</Filter>
    </Image>
  </ItemGroup>
</Project>